
Microsoft Visual Studio Solution File, Format Version 12.00
# Visual Studio Version 17
VisualStudioVersion = 17.0.31903.59
MinimumVisualStudioVersion = 10.0.40219.1
Project("{FAE04EC0-301F-11D3-BF4B-00C04F79EFBC}") = "Domain", "Domain\Domain.csproj", "{929AC178-0BC9-4097-A10A-00A126164B8A}"
EndProject
Project("{FAE04EC0-301F-11D3-BF4B-00C04F79EFBC}") = "Application", "Application\Application.csproj", "{4F812AB5-004D-46D1-B3D0-EE1094C504AF}"
EndProject
Project("{FAE04EC0-301F-11D3-BF4B-00C04F79EFBC}") = "Infrastructure", "Infrastructure\Infrastructure.csproj", "{CF85550C-65CB-44FD-A2DD-F3BC6F968FBF}"
EndProject
Project("{FAE04EC0-301F-11D3-BF4B-00C04F79EFBC}") = "API", "API\API.csproj", "{51BC64E0-826C-4C92-B183-40E4559834C7}"
EndProject
Project("{FAE04EC0-301F-11D3-BF4B-00C04F79EFBC}") = "Tests", "Tests\Tests.csproj", "{B057A8F6-CEF9-4F31-BD6A-4EE007648267}"
EndProject
Global
	GlobalSection(SolutionConfigurationPlatforms) = preSolution
		Debug|Any CPU = Debug|Any CPU
		Release|Any CPU = Release|Any CPU
	EndGlobalSection
	GlobalSection(SolutionProperties) = preSolution
		HideSolutionNode = FALSE
	EndGlobalSection
	GlobalSection(ProjectConfigurationPlatforms) = postSolution
		{929AC178-0BC9-4097-A10A-00A126164B8A}.Debug|Any CPU.ActiveCfg = Debug|Any CPU
		{929AC178-0BC9-4097-A10A-00A126164B8A}.Debug|Any CPU.Build.0 = Debug|Any CPU
		{929AC178-0BC9-4097-A10A-00A126164B8A}.Release|Any CPU.ActiveCfg = Release|Any CPU
		{929AC178-0BC9-4097-A10A-00A126164B8A}.Release|Any CPU.Build.0 = Release|Any CPU
		{4F812AB5-004D-46D1-B3D0-EE1094C504AF}.Debug|Any CPU.ActiveCfg = Debug|Any CPU
		{4F812AB5-004D-46D1-B3D0-EE1094C504AF}.Debug|Any CPU.Build.0 = Debug|Any CPU
		{4F812AB5-004D-46D1-B3D0-EE1094C504AF}.Release|Any CPU.ActiveCfg = Release|Any CPU
		{4F812AB5-004D-46D1-B3D0-EE1094C504AF}.Release|Any CPU.Build.0 = Release|Any CPU
		{CF85550C-65CB-44FD-A2DD-F3BC6F968FBF}.Debug|Any CPU.ActiveCfg = Debug|Any CPU
		{CF85550C-65CB-44FD-A2DD-F3BC6F968FBF}.Debug|Any CPU.Build.0 = Debug|Any CPU
		{CF85550C-65CB-44FD-A2DD-F3BC6F968FBF}.Release|Any CPU.ActiveCfg = Release|Any CPU
		{CF85550C-65CB-44FD-A2DD-F3BC6F968FBF}.Release|Any CPU.Build.0 = Release|Any CPU
		{51BC64E0-826C-4C92-B183-40E4559834C7}.Debug|Any CPU.ActiveCfg = Debug|Any CPU
		{51BC64E0-826C-4C92-B183-40E4559834C7}.Debug|Any CPU.Build.0 = Debug|Any CPU
		{51BC64E0-826C-4C92-B183-40E4559834C7}.Release|Any CPU.ActiveCfg = Release|Any CPU
		{51BC64E0-826C-4C92-B183-40E4559834C7}.Release|Any CPU.Build.0 = Release|Any CPU
		{B057A8F6-CEF9-4F31-BD6A-4EE007648267}.Debug|Any CPU.ActiveCfg = Debug|Any CPU
		{B057A8F6-CEF9-4F31-BD6A-4EE007648267}.Debug|Any CPU.Build.0 = Debug|Any CPU
		{B057A8F6-CEF9-4F31-BD6A-4EE007648267}.Release|Any CPU.ActiveCfg = Release|Any CPU
		{B057A8F6-CEF9-4F31-BD6A-4EE007648267}.Release|Any CPU.Build.0 = Release|Any CPU
	EndGlobalSection
EndGlobal
